{
  "name": "ghas-filler",
  "version": "1.0.0",
  "lockfileVersion": 3,
  "requires": true,
  "packages": {
    "": {
      "name": "ghas-filler",
      "version": "1.0.0",
      "dependencies": {
        "lodash": "4.17.4",
        "jquery": "2.2.4",
        "moment": "2.19.3",
        "minimist": "0.0.8",
        "axios": "0.18.0",
        "handlebars": "4.0.5",
        "marked": "0.3.6",
        "node-fetch": "2.6.0",
        "ws": "3.3.0",
        "tar": "2.2.1",
        "ejs": "2.5.7",
        "debug": "2.6.8",
        "qs": "6.2.0",
        "underscore": "1.8.3",
        "serialize-javascript": "1.4.0",
        "hoek": "4.2.0",
        "request": "2.81.0",
        "validator": "9.4.0",
        "y18n": "3.2.1",
        "ini": "1.3.4",
        "lodash.merge": "4.6.0",
        "dot-prop": "4.2.0",
        "bl": "1.2.2",
        "mixin-deep": "1.3.1",
        "set-value": "2.0.0",
        "node-sass": "4.9.0",
        "js-yaml": "3.11.0",
        "tunnel-agent": "0.6.0"
      }
    },
    "node_modules/lodash": {
      "version": "4.17.4",
      "resolved": "https://registry.npmjs.org/lodash/-/lodash-4.17.4.tgz"
    },
    "node_modules/jquery": {
      "version": "2.2.4",
      "resolved": "https://registry.npmjs.org/jquery/-/jquery-2.2.4.tgz"
    },
    "node_modules/moment": {
      "version": "2.19.3",
      "resolved": "https://registry.npmjs.org/moment/-/moment-2.19.3.tgz"
    },
    "node_modules/minimist": {
      "version": "0.0.8",
      "resolved": "https://registry.npmjs.org/minimist/-/minimist-0.0.8.tgz"
    },
    "node_modules/axios": {
      "version": "0.18.0",
      "resolved": "https://registry.npmjs.org/axios/-/axios-0.18.0.tgz"
    },
    "node_modules/handlebars": {
      "version": "4.0.5",
      "resolved": "https://registry.npmjs.org/handlebars/-/handlebars-4.0.5.tgz"
    },
    "node_modules/marked": {
      "version": "0.3.6",
      "resolved": "https://registry.npmjs.org/marked/-/marked-0.3.6.tgz"
    },
    "node_modules/node-fetch": {
      "version": "2.6.0",
      "resolved": "https://registry.npmjs.org/node-fetch/-/node-fetch-2.6.0.tgz"
    },
    "node_modules/ws": {
      "version": "3.3.0",
      "resolved": "https://registry.npmjs.org/ws/-/ws-3.3.0.tgz"
    },
    "node_modules/tar": {
      "version": "2.2.1",
      "resolved": "https://registry.npmjs.org/tar/-/tar-2.2.1.tgz"
    },
    "node_modules/ejs": {
      "version": "2.5.7",
      "resolved": "https://registry.npmjs.org/ejs/-/ejs-2.5.7.tgz"
    },
    "node_modules/debug": {
      "version": "2.6.8",
      "resolved": "https://registry.npmjs.org/debug/-/debug-2.6.8.tgz"
    },
    "node_modules/qs": {
      "version": "6.2.0",
      "resolved": "https://registry.npmjs.org/qs/-/qs-6.2.0.tgz"
    },
    "node_modules/underscore": {
      "version": "1.8.3",
      "resolved": "https://registry.npmjs.org/underscore/-/underscore-1.8.3.tgz"
    },
    "node_modules/serialize-javascript": {
      "version": "1.4.0",
      "resolved": "https://registry.npmjs.org/serialize-javascript/-/serialize-javascript-1.4.0.tgz"
    },
    "node_modules/hoek": {
      "version": "4.2.0",
      "resolved": "https://registry.npmjs.org/hoek/-/hoek-4.2.0.tgz"
    },
    "node_modules/request": {
      "version": "2.81.0",
      "resolved": "https://registry.npmjs.org/request/-/request-2.81.0.tgz"
    },
    "node_modules/validator": {
      "version": "9.4.0",
      "resolved": "https://registry.npmjs.org/validator/-/validator-9.4.0.tgz"
    },
    "node_modules/y18n": {
      "version": "3.2.1",
      "resolved": "https://registry.npmjs.org/y18n/-/y18n-3.2.1.tgz"
    },
    "node_modules/ini": {
      "version": "1.3.4",
      "resolved": "https://registry.npmjs.org/ini/-/ini-1.3.4.tgz"
    },
    "node_modules/lodash.merge": {
      "version": "4.6.0",
      "resolved": "https://registry.npmjs.org/lodash.merge/-/lodash.merge-4.6.0.tgz"
    },
    "node_modules/dot-prop": {
      "version": "4.2.0",
      "resolved": "https://registry.npmjs.org/dot-prop/-/dot-prop-4.2.0.tgz"
    },
    "node_modules/bl": {
      "version": "1.2.2",
      "resolved": "https://registry.npmjs.org/bl/-/bl-1.2.2.tgz"
    },
    "node_modules/mixin-deep": {
      "version": "1.3.1",
      "resolved": "https://registry.npmjs.org/mixin-deep/-/mixin-deep-1.3.1.tgz"
    },
    "node_modules/set-value": {
      "version": "2.0.0",
      "resolved": "https://registry.npmjs.org/set-value/-/set-value-2.0.0.tgz"
    },
    "node_modules/node-sass": {
      "version": "4.9.0",
      "resolved": "https://registry.npmjs.org/node-sass/-/node-sass-4.9.0.tgz"
    },
    "node_modules/js-yaml": {
      "version": "3.11.0",
      "resolved": "https://registry.npmjs.org/js-yaml/-/js-yaml-3.11.0.tgz"
    },
    "node_modules/tunnel-agent": {
      "version": "0.6.0",
      "resolved": "https://registry.npmjs.org/tunnel-agent/-/tunnel-agent-0.6.0.tgz"
    }
  }
}
